# Windows x64 / CPython 3.12 installation constraints for the reviewed 2.1.1 work.
# These pins intentionally have no hashes: an offline wheelhouse attestation is a
# separate release gate and is not claimed by this file.
PySide6==6.11.2
PySide6_Essentials==6.11.2
PySide6_Addons==6.11.2
shiboken6==6.11.2
opencv-python==4.11.0.86
numpy==2.2.6
PyMuPDF==1.26.1
openpyxl==3.1.5
tzdata==2026.3
pytest==8.4.1
pytest-qt==4.4.0
pytest-cov==6.2.1
hypothesis==6.131.15
ruff==0.11.13
mypy==1.16.1
pyinstaller==6.14.1
pyinstaller-hooks-contrib==2026.6
